
Microsoft Visual Studio Solution File, Format Version 12.00
# Visual Studio Version 16
VisualStudioVersion = 16.0.31001.17
MinimumVisualStudioVersion = 10.0.40219.1
Project("{FAE04EC0-301F-11D3-BF4B-00C04F79EFBC}") = "WebApplication1", "WebApplication1\WebApplication1.csproj", "{D724B277-F173-4E99-87C3-741806DF27C7}"
EndProject
Global
	GlobalSection(SolutionConfigurationPlatforms) = preSolution
		Debug|Any CPU = Debug|Any CPU
		Release|Any CPU = Release|Any CPU
	EndGlobalSection
	GlobalSection(ProjectConfigurationPlatforms) = postSolution
		{D724B277-F173-4E99-87C3-741806DF27C7}.Debug|Any CPU.ActiveCfg = Debug|Any CPU
		{D724B277-F173-4E99-87C3-741806DF27C7}.Debug|Any CPU.Build.0 = Debug|Any CPU
		{D724B277-F173-4E99-87C3-741806DF27C7}.Release|Any CPU.ActiveCfg = Release|Any CPU
		{D724B277-F173-4E99-87C3-741806DF27C7}.Release|Any CPU.Build.0 = Release|Any CPU
	EndGlobalSection
	GlobalSection(SolutionProperties) = preSolution
		HideSolutionNode = FALSE
	EndGlobalSection
	GlobalSection(ExtensibilityGlobals) = postSolution
		SolutionGuid = {AEE5556A-5759-48F6-AB0C-7697D9DEB13D}
	EndGlobalSection
EndGlobal
